// !$*UTF8*$!
{
	archiveVersion = 1;
	classes = {
	};
	objectVersion = 48;
	objects = {

/* Begin PBXBuildFile section */
		4B30A55B21119DEA002CE7BC /* AppDelegate.m in Sources */ = {isa = PBXBuildFile; fileRef = 4B30A55A21119DEA002CE7BC /* AppDelegate.m */; };
		4B30A55E21119DEA002CE7BC /* ViewController.m in Sources */ = {isa = PBXBuildFile; fileRef = 4B30A55D21119DEA002CE7BC /* ViewController.m */; };
		4B30A56121119DEA002CE7BC /* Main.storyboard in Resources */ = {isa = PBXBuildFile; fileRef = 4B30A55F21119DEA002CE7BC /* Main.storyboard */; };
		4B30A56321119DEA002CE7BC /* Assets.xcassets in Resources */ = {isa = PBXBuildFile; fileRef = 4B30A56221119DEA002CE7BC /* Assets.xcassets */; };
		4B30A56621119DEA002CE7BC /* LaunchScreen.storyboard in Resources */ = {isa = PBXBuildFile; fileRef = 4B30A56421119DEA002CE7BC /* LaunchScreen.storyboard */; };
		4B30A56921119DEA002CE7BC /* main.m in Sources */ = {isa = PBXBuildFile; fileRef = 4B30A56821119DEA002CE7BC /* main.m */; };
		4B30A57321119DEA002CE7BC /* XHTimestampDemoTests.m in Sources */ = {isa = PBXBuildFile; fileRef = 4B30A57221119DEA002CE7BC /* XHTimestampDemoTests.m */; };
		4B30A57E21119DEA002CE7BC /* XHTimestampDemoUITests.m in Sources */ = {isa = PBXBuildFile; fileRef = 4B30A57D21119DEA002CE7BC /* XHTimestampDemoUITests.m */; };
		4B30A58D21119F3D002CE7BC /* TimeTool.m in Sources */ = {isa = PBXBuildFile; fileRef = 4B30A58C21119F3D002CE7BC /* TimeTool.m */; };
/* End PBXBuildFile section */

/* Begin PBXContainerItemProxy section */
		4B30A56F21119DEA002CE7BC /* PBXContainerItemProxy */ = {
			isa = PBXContainerItemProxy;
			containerPortal = 4B30A54E21119DEA002CE7BC /* Project object */;
			proxyType = 1;
			remoteGlobalIDString = 4B30A55521119DEA002CE7BC;
			remoteInfo = XHTimestampDemo;
		};
		4B30A57A21119DEA002CE7BC /* PBXContainerItemProxy */ = {
			isa = PBXContainerItemProxy;
			containerPortal = 4B30A54E21119DEA002CE7BC /* Project object */;
			proxyType = 1;
			remoteGlobalIDString = 4B30A55521119DEA002CE7BC;
			remoteInfo = XHTimestampDemo;
		};
/* End PBXContainerItemProxy section */

/* Begin PBXFileReference section */
		4B30A55621119DEA002CE7BC /* XHTimestampDemo.app */ = {isa = PBXFileReference; explicitFileType = wrapper.application; includeInIndex = 0; path = XHTimestampDemo.app; sourceTree = BUILT_PRODUCTS_DIR; };
		4B30A55921119DEA002CE7BC /* AppDelegate.h */ = {isa = PBXFileReference; lastKnownFileType = sourcecode.c.h; path = AppDelegate.h; sourceTree = "<group>"; };
		4B30A55A21119DEA002CE7BC /* AppDelegate.m */ = {isa = PBXFileReference; lastKnownFileType = sourcecode.c.objc; path = AppDelegate.m; sourceTree = "<group>"; };
		4B30A55C21119DEA002CE7BC /* ViewController.h */ = {isa = PBXFileReference; lastKnownFileType = sourcecode.c.h; path = ViewController.h; sourceTree = "<group>"; };
		4B30A55D21119DEA002CE7BC /* ViewController.m */ = {isa = PBXFileReference; lastKnownFileType = sourcecode.c.objc; path = ViewController.m; sourceTree = "<group>"; };
		4B30A56021119DEA002CE7BC /* Base */ = {isa = PBXFileReference; lastKnownFileType = file.storyboard; name = Base; path = Base.lproj/Main.storyboard; sourceTree = "<group>"; };
		4B30A56221119DEA002CE7BC /* Assets.xcassets */ = {isa = PBXFileReference; lastKnownFileType = folder.assetcatalog; path = Assets.xcassets; sourceTree = "<group>"; };
		4B30A56521119DEA002CE7BC /* Base */ = {isa = PBXFileReference; lastKnownFileType = file.storyboard; name = Base; path = Base.lproj/LaunchScreen.storyboard; sourceTree = "<group>"; };
		4B30A56721119DEA002CE7BC /* Info.plist */ = {isa = PBXFileReference; lastKnownFileType = text.plist.xml; path = Info.plist; sourceTree = "<group>"; };
		4B30A56821119DEA002CE7BC /* main.m */ = {isa = PBXFileReference; lastKnownFileType = sourcecode.c.objc; path = main.m; sourceTree = "<group>"; };
		4B30A56E21119DEA002CE7BC /* XHTimestampDemoTests.xctest */ = {isa = PBXFileReference; explicitFileType = wrapper.cfbundle; includeInIndex = 0; path = XHTimestampDemoTests.xctest; sourceTree = BUILT_PRODUCTS_DIR; };
		4B30A57221119DEA002CE7BC /* XHTimestampDemoTests.m */ = {isa = PBXFileReference; lastKnownFileType = sourcecode.c.objc; path = XHTimestampDemoTests.m; sourceTree = "<group>"; };
		4B30A57421119DEA002CE7BC /* Info.plist */ = {isa = PBXFileReference; lastKnownFileType = text.plist.xml; path = Info.plist; sourceTree = "<group>"; };
		4B30A57921119DEA002CE7BC /* XHTimestampDemoUITests.xctest */ = {isa = PBXFileReference; explicitFileType = wrapper.cfbundle; includeInIndex = 0; path = XHTimestampDemoUITests.xctest; sourceTree = BUILT_PRODUCTS_DIR; };
		4B30A57D21119DEA002CE7BC /* XHTimestampDemoUITests.m */ = {isa = PBXFileReference; lastKnownFileType = sourcecode.c.objc; path = XHTimestampDemoUITests.m; sourceTree = "<group>"; };
		4B30A57F21119DEA002CE7BC /* Info.plist */ = {isa = PBXFileReference; lastKnownFileType = text.plist.xml; path = Info.plist; sourceTree = "<group>"; };
		4B30A58B21119F3D002CE7BC /* TimeTool.h */ = {isa = PBXFileReference; lastKnownFileType = sourcecode.c.h; path = TimeTool.h; sourceTree = "<group>"; };
		4B30A58C21119F3D002CE7BC /* TimeTool.m */ = {isa = PBXFileReference; lastKnownFileType = sourcecode.c.objc; path = TimeTool.m; sourceTree = "<group>"; };
/* End PBXFileReference section */

/* Begin PBXFrameworksBuildPhase section */
		4B30A55321119DEA002CE7BC /* Frameworks */ = {
			isa = PBXFrameworksBuildPhase;
			buildActionMask = 2147483647;
			files = (
			);
			runOnlyForDeploymentPostprocessing = 0;
		};
		4B30A56B21119DEA002CE7BC /* Frameworks */ = {
			isa = PBXFrameworksBuildPhase;
			buildActionMask = 2147483647;
			files = (
			);
			runOnlyForDeploymentPostprocessing = 0;
		};
		4B30A57621119DEA002CE7BC /* Frameworks */ = {
			isa = PBXFrameworksBuildPhase;
			buildActionMask = 2147483647;
			files = (
			);
			runOnlyForDeploymentPostprocessing = 0;
		};
/* End PBXFrameworksBuildPhase section */

/* Begin PBXGroup section */
		4B30A54D21119DEA002CE7BC = {
			isa = PBXGroup;
			children = (
				4B30A55821119DEA002CE7BC /* XHTimestampDemo */,
				4B30A57121119DEA002CE7BC /* XHTimestampDemoTests */,
				4B30A57C21119DEA002CE7BC /* XHTimestampDemoUITests */,
				4B30A55721119DEA002CE7BC /* Products */,
			);
			sourceTree = "<group>";
		};
		4B30A55721119DEA002CE7BC /* Products */ = {
			isa = PBXGroup;
			children = (
				4B30A55621119DEA002CE7BC /* XHTimestampDemo.app */,
				4B30A56E21119DEA002CE7BC /* XHTimestampDemoTests.xctest */,
				4B30A57921119DEA002CE7BC /* XHTimestampDemoUITests.xctest */,
			);
			name = Products;
			sourceTree = "<group>";
		};
		4B30A55821119DEA002CE7BC /* XHTimestampDemo */ = {
			isa = PBXGroup;
			children = (
				4B30A55921119DEA002CE7BC /* AppDelegate.h */,
				4B30A55A21119DEA002CE7BC /* AppDelegate.m */,
				4B30A55C21119DEA002CE7BC /* ViewController.h */,
				4B30A55D21119DEA002CE7BC /* ViewController.m */,
				4B30A58B21119F3D002CE7BC /* TimeTool.h */,
				4B30A58C21119F3D002CE7BC /* TimeTool.m */,
				4B30A55F21119DEA002CE7BC /* Main.storyboard */,
				4B30A56221119DEA002CE7BC /* Assets.xcassets */,
				4B30A56421119DEA002CE7BC /* LaunchScreen.storyboard */,
				4B30A56721119DEA002CE7BC /* Info.plist */,
				4B30A56821119DEA002CE7BC /* main.m */,
			);
			path = XHTimestampDemo;
			sourceTree = "<group>";
		};
		4B30A57121119DEA002CE7BC /* XHTimestampDemoTests */ = {
			isa = PBXGroup;
			children = (
				4B30A57221119DEA002CE7BC /* XHTimestampDemoTests.m */,
				4B30A57421119DEA002CE7BC /* Info.plist */,
			);
			path = XHTimestampDemoTests;
			sourceTree = "<group>";
		};
		4B30A57C21119DEA002CE7BC /* XHTimestampDemoUITests */ = {
			isa = PBXGroup;
			children = (
				4B30A57D21119DEA002CE7BC /* XHTimestampDemoUITests.m */,
				4B30A57F21119DEA002CE7BC /* Info.plist */,
			);
			path = XHTimestampDemoUITests;
			sourceTree = "<group>";
		};
/* End PBXGroup section */

/* Begin PBXNativeTarget section */
		4B30A55521119DEA002CE7BC /* XHTimestampDemo */ = {
			isa = PBXNativeTarget;
			buildConfigurationList = 4B30A58221119DEA002CE7BC /* Build configuration list for PBXNativeTarget "XHTimestampDemo" */;
			buildPhases = (
				4B30A55221119DEA002CE7BC /* Sources */,
				4B30A55321119DEA002CE7BC /* Frameworks */,
				4B30A55421119DEA002CE7BC /* Resources */,
			);
			buildRules = (
			);
			dependencies = (
			);
			name = XHTimestampDemo;
			productName = XHTimestampDemo;
			productReference = 4B30A55621119DEA002CE7BC /* XHTimestampDemo.app */;
			productType = "com.apple.product-type.application";
		};
		4B30A56D21119DEA002CE7BC /* XHTimestampDemoTests */ = {
			isa = PBXNativeTarget;
			buildConfigurationList = 4B30A58521119DEA002CE7BC /* Build configuration list for PBXNativeTarget "XHTimestampDemoTests" */;
			buildPhases = (
				4B30A56A21119DEA002CE7BC /* Sources */,
				4B30A56B21119DEA002CE7BC /* Frameworks */,
				4B30A56C21119DEA002CE7BC /* Resources */,
			);
			buildRules = (
			);
			dependencies = (
				4B30A57021119DEA002CE7BC /* PBXTargetDependency */,
			);
			name = XHTimestampDemoTests;
			productName = XHTimestampDemoTests;
			productReference = 4B30A56E21119DEA002CE7BC /* XHTimestampDemoTests.xctest */;
			productType = "com.apple.product-type.bundle.unit-test";
		};
		4B30A57821119DEA002CE7BC /* XHTimestampDemoUITests */ = {
			isa = PBXNativeTarget;
			buildConfigurationList = 4B30A58821119DEA002CE7BC /* Build configuration list for PBXNativeTarget "XHTimestampDemoUITests" */;
			buildPhases = (
				4B30A57521119DEA002CE7BC /* Sources */,
				4B30A57621119DEA002CE7BC /* Frameworks */,
				4B30A57721119DEA002CE7BC /* Resources */,
			);
			buildRules = (
			);
			dependencies = (
				4B30A57B21119DEA002CE7BC /* PBXTargetDependency */,
			);
			name = XHTimestampDemoUITests;
			productName = XHTimestampDemoUITests;
			productReference = 4B30A57921119DEA002CE7BC /* XHTimestampDemoUITests.xctest */;
			productType = "com.apple.product-type.bundle.ui-testing";
		};
/* End PBXNativeTarget section */

/* Begin PBXProject section */
		4B30A54E21119DEA002CE7BC /* Project object */ = {
			isa = PBXProject;
			attributes = {
				LastUpgradeCheck = 0920;
				ORGANIZATIONNAME = XIAOHUI;
				TargetAttributes = {
					4B30A55521119DEA002CE7BC = {
						CreatedOnToolsVersion = 9.2;
						ProvisioningStyle = Automatic;
					};
					4B30A56D21119DEA002CE7BC = {
						CreatedOnToolsVersion = 9.2;
						ProvisioningStyle = Automatic;
						TestTargetID = 4B30A55521119DEA002CE7BC;
					};
					4B30A57821119DEA002CE7BC = {
						CreatedOnToolsVersion = 9.2;
						ProvisioningStyle = Automatic;
						TestTargetID = 4B30A55521119DEA002CE7BC;
					};
				};
			};
			buildConfigurationList = 4B30A55121119DEA002CE7BC /* Build configuration list for PBXProject "XHTimestampDemo" */;
			compatibilityVersion = "Xcode 8.0";
			developmentRegion = en;
			hasScannedForEncodings = 0;
			knownRegions = (
				en,
				Base,
			);
			mainGroup = 4B30A54D21119DEA002CE7BC;
			productRefGroup = 4B30A55721119DEA002CE7BC /* Products */;
			projectDirPath = "";
			projectRoot = "";
			targets = (
				4B30A55521119DEA002CE7BC /* XHTimestampDemo */,
				4B30A56D21119DEA002CE7BC /* XHTimestampDemoTests */,
				4B30A57821119DEA002CE7BC /* XHTimestampDemoUITests */,
			);
		};
/* End PBXProject section */

/* Begin PBXResourcesBuildPhase section */
		4B30A55421119DEA002CE7BC /* Resources */ = {
			isa = PBXResourcesBuildPhase;
			buildActionMask = 2147483647;
			files = (
				4B30A56621119DEA002CE7BC /* LaunchScreen.storyboard in Resources */,
				4B30A56321119DEA002CE7BC /* Assets.xcassets in Resources */,
				4B30A56121119DEA002CE7BC /* Main.storyboard in Resources */,
			);
			runOnlyForDeploymentPostprocessing = 0;
		};
		4B30A56C21119DEA002CE7BC /* Resources */ = {
			isa = PBXResourcesBuildPhase;
			buildActionMask = 2147483647;
			files = (
			);
			runOnlyForDeploymentPostprocessing = 0;
		};
		4B30A57721119DEA002CE7BC /* Resources */ = {
			isa = PBXResourcesBuildPhase;
			buildActionMask = 2147483647;
			files = (
			);
			runOnlyForDeploymentPostprocessing = 0;
		};
/* End PBXResourcesBuildPhase section */

/* Begin PBXSourcesBuildPhase section */
		4B30A55221119DEA002CE7BC /* Sources */ = {
			isa = PBXSourcesBuildPhase;
			buildActionMask = 2147483647;
			files = (
				4B30A55E21119DEA002CE7BC /* ViewController.m in Sources */,
				4B30A56921119DEA002CE7BC /* main.m in Sources */,
				4B30A58D21119F3D002CE7BC /* TimeTool.m in Sources */,
				4B30A55B21119DEA002CE7BC /* AppDelegate.m in Sources */,
			);
			runOnlyForDeploymentPostprocessing = 0;
		};
		4B30A56A21119DEA002CE7BC /* Sources */ = {
			isa = PBXSourcesBuildPhase;
			buildActionMask = 2147483647;
			files = (
				4B30A57321119DEA002CE7BC /* XHTimestampDemoTests.m in Sources */,
			);
			runOnlyForDeploymentPostprocessing = 0;
		};
		4B30A57521119DEA002CE7BC /* Sources */ = {
			isa = PBXSourcesBuildPhase;
			buildActionMask = 2147483647;
			files = (
				4B30A57E21119DEA002CE7BC /* XHTimestampDemoUITests.m in Sources */,
			);
			runOnlyForDeploymentPostprocessing = 0;
		};
/* End PBXSourcesBuildPhase section */

/* Begin PBXTargetDependency section */
		4B30A57021119DEA002CE7BC /* PBXTargetDependency */ = {
			isa = PBXTargetDependency;
			target = 4B30A55521119DEA002CE7BC /* XHTimestampDemo */;
			targetProxy = 4B30A56F21119DEA002CE7BC /* PBXContainerItemProxy */;
		};
		4B30A57B21119DEA002CE7BC /* PBXTargetDependency */ = {
			isa = PBXTargetDependency;
			target = 4B30A55521119DEA002CE7BC /* XHTimestampDemo */;
			targetProxy = 4B30A57A21119DEA002CE7BC /* PBXContainerItemProxy */;
		};
/* End PBXTargetDependency section */

/* Begin PBXVariantGroup section */
		4B30A55F21119DEA002CE7BC /* Main.storyboard */ = {
			isa = PBXVariantGroup;
			children = (
				4B30A56021119DEA002CE7BC /* Base */,
			);
			name = Main.storyboard;
			sourceTree = "<group>";
		};
		4B30A56421119DEA002CE7BC /* LaunchScreen.storyboard */ = {
			isa = PBXVariantGroup;
			children = (
				4B30A56521119DEA002CE7BC /* Base */,
			);
			name = LaunchScreen.storyboard;
			sourceTree = "<group>";
		};
/* End PBXVariantGroup section */

/* Begin XCBuildConfiguration section */
		4B30A58021119DEA002CE7BC /* Debug */ = {
			isa = XCBuildConfiguration;
			buildSettings = {
				ALWAYS_SEARCH_USER_PATHS = NO;
				CLANG_ANALYZER_NONNULL = YES;
				CLANG_ANALYZER_NUMBER_OBJECT_CONVERSION = YES_AGGRESSIVE;
				CLANG_CXX_LANGUAGE_STANDARD = "gnu++14";
				CLANG_CXX_LIBRARY = "libc++";
				CLANG_ENABLE_MODULES = YES;
				CLANG_ENABLE_OBJC_ARC = YES;
				CLANG_WARN_BLOCK_CAPTURE_AUTORELEASING = YES;
				CLANG_WARN_BOOL_CONVERSION = YES;
				CLANG_WARN_COMMA = YES;
				CLANG_WARN_CONSTANT_CONVERSION = YES;
				CLANG_WARN_DIRECT_OBJC_ISA_USAGE = YES_ERROR;
				CLANG_WARN_DOCUMENTATION_COMMENTS = YES;
				CLANG_WARN_EMPTY_BODY = YES;
				CLANG_WARN_ENUM_CONVERSION = YES;
				CLANG_WARN_INFINITE_RECURSION = YES;
				CLANG_WARN_INT_CONVERSION = YES;
				CLANG_WARN_NON_LITERAL_NULL_CONVERSION = YES;
				CLANG_WARN_OBJC_LITERAL_CONVERSION = YES;
				CLANG_WARN_OBJC_ROOT_CLASS = YES_ERROR;
				CLANG_WARN_RANGE_LOOP_ANALYSIS = YES;
				CLANG_WARN_STRICT_PROTOTYPES = YES;
				CLANG_WARN_SUSPICIOUS_MOVE = YES;
				CLANG_WARN_UNGUARDED_AVAILABILITY = YES_AGGRESSIVE;
				CLANG_WARN_UNREACHABLE_CODE = YES;
				CLANG_WARN__DUPLICATE_METHOD_MATCH = YES;
				CODE_SIGN_IDENTITY = "iPhone Developer";
				COPY_PHASE_STRIP = NO;
				DEBUG_INFORMATION_FORMAT = dwarf;
				ENABLE_STRICT_OBJC_MSGSEND = YES;
				ENABLE_TESTABILITY = YES;
				GCC_C_LANGUAGE_STANDARD = gnu11;
				GCC_DYNAMIC_NO_PIC = NO;
				GCC_NO_COMMON_BLOCKS = YES;
				GCC_OPTIMIZATION_LEVEL = 0;
				GCC_PREPROCESSOR_DEFINITIONS = (
					"DEBUG=1",
					"$(inherited)",
				);
				GCC_WARN_64_TO_32_BIT_CONVERSION = YES;
				GCC_WARN_ABOUT_RETURN_TYPE = YES_ERROR;
				GCC_WARN_UNDECLARED_SELECTOR = YES;
				GCC_WARN_UNINITIALIZED_AUTOS = YES_AGGRESSIVE;
				GCC_WARN_UNUSED_FUNCTION = YES;
				GCC_WARN_UNUSED_VARIABLE = YES;
				IPHONEOS_DEPLOYMENT_TARGET = 11.2;
				MTL_ENABLE_DEBUG_INFO = YES;
				ONLY_ACTIVE_ARCH = YES;
				SDKROOT = iphoneos;
			};
			name = Debug;
		};
		4B30A58121119DEA002CE7BC /* Release */ = {
			isa = XCBuildConfiguration;
			buildSettings = {
				ALWAYS_SEARCH_USER_PATHS = NO;
				CLANG_ANALYZER_NONNULL = YES;
				CLANG_ANALYZER_NUMBER_OBJECT_CONVERSION = YES_AGGRESSIVE;
				CLANG_CXX_LANGUAGE_STANDARD = "gnu++14";
				CLANG_CXX_LIBRARY = "libc++";
				CLANG_ENABLE_MODULES = YES;
				CLANG_ENABLE_OBJC_ARC = YES;
				CLANG_WARN_BLOCK_CAPTURE_AUTORELEASING = YES;
				CLANG_WARN_BOOL_CONVERSION = YES;
				CLANG_WARN_COMMA = YES;
				CLANG_WARN_CONSTANT_CONVERSION = YES;
				CLANG_WARN_DIRECT_OBJC_ISA_USAGE = YES_ERROR;
				CLANG_WARN_DOCUMENTATION_COMMENTS = YES;
				CLANG_WARN_EMPTY_BODY = YES;
				CLANG_WARN_ENUM_CONVERSION = YES;
				CLANG_WARN_INFINITE_RECURSION = YES;
				CLANG_WARN_INT_CONVERSION = YES;
				CLANG_WARN_NON_LITERAL_NULL_CONVERSION = YES;
				CLANG_WARN_OBJC_LITERAL_CONVERSION = YES;
				CLANG_WARN_OBJC_ROOT_CLASS = YES_ERROR;
				CLANG_WARN_RANGE_LOOP_ANALYSIS = YES;
				CLANG_WARN_STRICT_PROTOTYPES = YES;
				CLANG_WARN_SUSPICIOUS_MOVE = YES;
				CLANG_WARN_UNGUARDED_AVAILABILITY = YES_AGGRESSIVE;
				CLANG_WARN_UNREACHABLE_CODE = YES;
				CLANG_WARN__DUPLICATE_METHOD_MATCH = YES;
				CODE_SIGN_IDENTITY = "iPhone Developer";
				COPY_PHASE_STRIP = NO;
				DEBUG_INFORMATION_FORMAT = "dwarf-with-dsym";
				ENABLE_NS_ASSERTIONS = NO;
				ENABLE_STRICT_OBJC_MSGSEND = YES;
				GCC_C_LANGUAGE_STANDARD = gnu11;
				GCC_NO_COMMON_BLOCKS = YES;
				GCC_WARN_64_TO_32_BIT_CONVERSION = YES;
				GCC_WARN_ABOUT_RETURN_TYPE = YES_ERROR;
				GCC_WARN_UNDECLARED_SELECTOR = YES;
				GCC_WARN_UNINITIALIZED_AUTOS = YES_AGGRESSIVE;
				GCC_WARN_UNUSED_FUNCTION = YES;
				GCC_WARN_UNUSED_VARIABLE = YES;
				IPHONEOS_DEPLOYMENT_TARGET = 11.2;
				MTL_ENABLE_DEBUG_INFO = NO;
				SDKROOT = iphoneos;
				VALIDATE_PRODUCT = YES;
			};
			name = Release;
		};
		4B30A58321119DEA002CE7BC /* Debug */ = {
			isa = XCBuildConfiguration;
			buildSettings = {
				ASSETCATALOG_COMPILER_APPICON_NAME = AppIcon;
				CODE_SIGN_STYLE = Automatic;
				INFOPLIST_FILE = XHTimestampDemo/Info.plist;
				LD_RUNPATH_SEARCH_PATHS = "$(inherited) @executable_path/Frameworks";
				PRODUCT_BUNDLE_IDENTIFIER = XH.XHTimestampDemo;
				PRODUCT_NAME = "$(TARGET_NAME)";
				TARGETED_DEVICE_FAMILY = "1,2";
			};
			name = Debug;
		};
		4B30A58421119DEA002CE7BC /* Release */ = {
			isa = XCBuildConfiguration;
			buildSettings = {
				ASSETCATALOG_COMPILER_APPICON_NAME = AppIcon;
				CODE_SIGN_STYLE = Automatic;
				INFOPLIST_FILE = XHTimestampDemo/Info.plist;
				LD_RUNPATH_SEARCH_PATHS = "$(inherited) @executable_path/Frameworks";
				PRODUCT_BUNDLE_IDENTIFIER = XH.XHTimestampDemo;
				PRODUCT_NAME = "$(TARGET_NAME)";
				TARGETED_DEVICE_FAMILY = "1,2";
			};
			name = Release;
		};
		4B30A58621119DEA002CE7BC /* Debug */ = {
			isa = XCBuildConfiguration;
			buildSettings = {
				BUNDLE_LOADER = "$(TEST_HOST)";
				CODE_SIGN_STYLE = Automatic;
				INFOPLIST_FILE = XHTimestampDemoTests/Info.plist;
				LD_RUNPATH_SEARCH_PATHS = "$(inherited) @executable_path/Frameworks @loader_path/Frameworks";
				PRODUCT_BUNDLE_IDENTIFIER = XH.XHTimestampDemoTests;
				PRODUCT_NAME = "$(TARGET_NAME)";
				TARGETED_DEVICE_FAMILY = "1,2";
				TEST_HOST = "$(BUILT_PRODUCTS_DIR)/XHTimestampDemo.app/XHTimestampDemo";
			};
			name = Debug;
		};
		4B30A58721119DEA002CE7BC /* Release */ = {
			isa = XCBuildConfiguration;
			buildSettings = {
				BUNDLE_LOADER = "$(TEST_HOST)";
				CODE_SIGN_STYLE = Automatic;
				INFOPLIST_FILE = XHTimestampDemoTests/Info.plist;
				LD_RUNPATH_SEARCH_PATHS = "$(inherited) @executable_path/Frameworks @loader_path/Frameworks";
				PRODUCT_BUNDLE_IDENTIFIER = XH.XHTimestampDemoTests;
				PRODUCT_NAME = "$(TARGET_NAME)";
				TARGETED_DEVICE_FAMILY = "1,2";
				TEST_HOST = "$(BUILT_PRODUCTS_DIR)/XHTimestampDemo.app/XHTimestampDemo";
			};
			name = Release;
		};
		4B30A58921119DEA002CE7BC /* Debug */ = {
			isa = XCBuildConfiguration;
			buildSettings = {
				CODE_SIGN_STYLE = Automatic;
				INFOPLIST_FILE = XHTimestampDemoUITests/Info.plist;
				LD_RUNPATH_SEARCH_PATHS = "$(inherited) @executable_path/Frameworks @loader_path/Frameworks";
				PRODUCT_BUNDLE_IDENTIFIER = XH.XHTimestampDemoUITests;
				PRODUCT_NAME = "$(TARGET_NAME)";
				TARGETED_DEVICE_FAMILY = "1,2";
				TEST_TARGET_NAME = XHTimestampDemo;
			};
			name = Debug;
		};
		4B30A58A21119DEA002CE7BC /* Release */ = {
			isa = XCBuildConfiguration;
			buildSettings = {
				CODE_SIGN_STYLE = Automatic;
				INFOPLIST_FILE = XHTimestampDemoUITests/Info.plist;
				LD_RUNPATH_SEARCH_PATHS = "$(inherited) @executable_path/Frameworks @loader_path/Frameworks";
				PRODUCT_BUNDLE_IDENTIFIER = XH.XHTimestampDemoUITests;
				PRODUCT_NAME = "$(TARGET_NAME)";
				TARGETED_DEVICE_FAMILY = "1,2";
				TEST_TARGET_NAME = XHTimestampDemo;
			};
			name = Release;
		};
/* End XCBuildConfiguration section */

/* Begin XCConfigurationList section */
		4B30A55121119DEA002CE7BC /* Build configuration list for PBXProject "XHTimestampDemo" */ = {
			isa = XCConfigurationList;
			buildConfigurations = (
				4B30A58021119DEA002CE7BC /* Debug */,
				4B30A58121119DEA002CE7BC /* Release */,
			);
			defaultConfigurationIsVisible = 0;
			defaultConfigurationName = Release;
		};
		4B30A58221119DEA002CE7BC /* Build configuration list for PBXNativeTarget "XHTimestampDemo" */ = {
			isa = XCConfigurationList;
			buildConfigurations = (
				4B30A58321119DEA002CE7BC /* Debug */,
				4B30A58421119DEA002CE7BC /* Release */,
			);
			defaultConfigurationIsVisible = 0;
			defaultConfigurationName = Release;
		};
		4B30A58521119DEA002CE7BC /* Build configuration list for PBXNativeTarget "XHTimestampDemoTests" */ = {
			isa = XCConfigurationList;
			buildConfigurations = (
				4B30A58621119DEA002CE7BC /* Debug */,
				4B30A58721119DEA002CE7BC /* Release */,
			);
			defaultConfigurationIsVisible = 0;
			defaultConfigurationName = Release;
		};
		4B30A58821119DEA002CE7BC /* Build configuration list for PBXNativeTarget "XHTimestampDemoUITests" */ = {
			isa = XCConfigurationList;
			buildConfigurations = (
				4B30A58921119DEA002CE7BC /* Debug */,
				4B30A58A21119DEA002CE7BC /* Release */,
			);
			defaultConfigurationIsVisible = 0;
			defaultConfigurationName = Release;
		};
/* End XCConfigurationList section */
	};
	rootObject = 4B30A54E21119DEA002CE7BC /* Project object */;
}
